
Microsoft Visual Studio Solution File, Format Version 12.00
# Visual Studio Version 16
VisualStudioVersion = 16.0.30611.23
MinimumVisualStudioVersion = 10.0.40219.1
Project("{FAE04EC0-301F-11D3-BF4B-00C04F79EFBC}") = "iFood.Net", "iFood.Net\iFood.Net.csproj", "{7F85E9C9-E05D-4BA5-8F78-976F9408C3E0}"
EndProject
Project("{FAE04EC0-301F-11D3-BF4B-00C04F79EFBC}") = "iFood.Net.Demo", "iFood.Net.Demo\iFood.Net.Demo.csproj", "{F38C5FDC-44F6-45D8-ABBB-FEE0008F10BB}"
EndProject
Global
	GlobalSection(SolutionConfigurationPlatforms) = preSolution
		Debug|Any CPU = Debug|Any CPU
		Release|Any CPU = Release|Any CPU
	EndGlobalSection
	GlobalSection(ProjectConfigurationPlatforms) = postSolution
		{7F85E9C9-E05D-4BA5-8F78-976F9408C3E0}.Debug|Any CPU.ActiveCfg = Debug|Any CPU
		{7F85E9C9-E05D-4BA5-8F78-976F9408C3E0}.Debug|Any CPU.Build.0 = Debug|Any CPU
		{7F85E9C9-E05D-4BA5-8F78-976F9408C3E0}.Release|Any CPU.ActiveCfg = Release|Any CPU
		{7F85E9C9-E05D-4BA5-8F78-976F9408C3E0}.Release|Any CPU.Build.0 = Release|Any CPU
		{F38C5FDC-44F6-45D8-ABBB-FEE0008F10BB}.Debug|Any CPU.ActiveCfg = Debug|Any CPU
		{F38C5FDC-44F6-45D8-ABBB-FEE0008F10BB}.Debug|Any CPU.Build.0 = Debug|Any CPU
		{F38C5FDC-44F6-45D8-ABBB-FEE0008F10BB}.Release|Any CPU.ActiveCfg = Release|Any CPU
		{F38C5FDC-44F6-45D8-ABBB-FEE0008F10BB}.Release|Any CPU.Build.0 = Release|Any CPU
	EndGlobalSection
	GlobalSection(SolutionProperties) = preSolution
		HideSolutionNode = FALSE
	EndGlobalSection
	GlobalSection(ExtensibilityGlobals) = postSolution
		SolutionGuid = {D39E7B5E-F0DE-4A35-8F9F-D3340185B17F}
	EndGlobalSection
EndGlobal
